
Microsoft Visual Studio Solution File, Format Version 12.00
# Visual Studio Version 17
VisualStudioVersion = 17.6.33829.357
MinimumVisualStudioVersion = 10.0.40219.1
Project("{FAE04EC0-301F-11D3-BF4B-00C04F79EFBC}") = "SpyderByteAPI_SQLiteBackup", "SpyderByteAPI_SQLiteBackup\SpyderByteAPI_SQLiteBackup.csproj", "{1791A0B7-C037-4697-8928-D8976EEEEDC1}"
EndProject
Global
	GlobalSection(SolutionConfigurationPlatforms) = preSolution
		Debug|Any CPU = Debug|Any CPU
		Release|Any CPU = Release|Any CPU
	EndGlobalSection
	GlobalSection(ProjectConfigurationPlatforms) = postSolution
		{1791A0B7-C037-4697-8928-D8976EEEEDC1}.Debug|Any CPU.ActiveCfg = Debug|Any CPU
		{1791A0B7-C037-4697-8928-D8976EEEEDC1}.Debug|Any CPU.Build.0 = Debug|Any CPU
		{1791A0B7-C037-4697-8928-D8976EEEEDC1}.Release|Any CPU.ActiveCfg = Release|Any CPU
		{1791A0B7-C037-4697-8928-D8976EEEEDC1}.Release|Any CPU.Build.0 = Release|Any CPU
	EndGlobalSection
	GlobalSection(SolutionProperties) = preSolution
		HideSolutionNode = FALSE
	EndGlobalSection
	GlobalSection(ExtensibilityGlobals) = postSolution
		SolutionGuid = {754662E5-D705-43F8-A9D6-31DBEB33D182}
	EndGlobalSection
EndGlobal
